
Microsoft Visual Studio Solution File, Format Version 12.00
# Visual Studio Version 17
VisualStudioVersion = 17.11.35222.181
MinimumVisualStudioVersion = 10.0.40219.1
Project("{FAE04EC0-301F-11D3-BF4B-00C04F79EFBC}") = "Tugas PR polymorphism", "Tugas PR polymorphism\Tugas PR polymorphism.csproj", "{E6C13241-3519-4A1C-8095-2511F02B0FFB}"
EndProject
Global
	GlobalSection(SolutionConfigurationPlatforms) = preSolution
		Debug|Any CPU = Debug|Any CPU
		Release|Any CPU = Release|Any CPU
	EndGlobalSection
	GlobalSection(ProjectConfigurationPlatforms) = postSolution
		{E6C13241-3519-4A1C-8095-2511F02B0FFB}.Debug|Any CPU.ActiveCfg = Debug|Any CPU
		{E6C13241-3519-4A1C-8095-2511F02B0FFB}.Debug|Any CPU.Build.0 = Debug|Any CPU
		{E6C13241-3519-4A1C-8095-2511F02B0FFB}.Release|Any CPU.ActiveCfg = Release|Any CPU
		{E6C13241-3519-4A1C-8095-2511F02B0FFB}.Release|Any CPU.Build.0 = Release|Any CPU
	EndGlobalSection
	GlobalSection(SolutionProperties) = preSolution
		HideSolutionNode = FALSE
	EndGlobalSection
	GlobalSection(ExtensibilityGlobals) = postSolution
		SolutionGuid = {3019D96D-E955-49C6-A90B-A570F114EB8A}
	EndGlobalSection
EndGlobal
